
Microsoft Visual Studio Solution File, Format Version 12.00
# Visual Studio Version 16
VisualStudioVersion = 16.0.29418.71
MinimumVisualStudioVersion = 10.0.40219.1
Project("{FAE04EC0-301F-11D3-BF4B-00C04F79EFBC}") = "CowSkinsServices", "CowSkinsServices\CowSkinsServices.csproj", "{C6B63578-4340-4DEC-B7D6-07613634107C}"
EndProject
Global
	GlobalSection(SolutionConfigurationPlatforms) = preSolution
		Debug|Any CPU = Debug|Any CPU
		Release|Any CPU = Release|Any CPU
	EndGlobalSection
	GlobalSection(ProjectConfigurationPlatforms) = postSolution
		{C6B63578-4340-4DEC-B7D6-07613634107C}.Debug|Any CPU.ActiveCfg = Debug|Any CPU
		{C6B63578-4340-4DEC-B7D6-07613634107C}.Debug|Any CPU.Build.0 = Debug|Any CPU
		{C6B63578-4340-4DEC-B7D6-07613634107C}.Release|Any CPU.ActiveCfg = Release|Any CPU
		{C6B63578-4340-4DEC-B7D6-07613634107C}.Release|Any CPU.Build.0 = Release|Any CPU
	EndGlobalSection
	GlobalSection(SolutionProperties) = preSolution
		HideSolutionNode = FALSE
	EndGlobalSection
	GlobalSection(ExtensibilityGlobals) = postSolution
		SolutionGuid = {B0952098-1F82-44E3-8755-6658089E9BB9}
	EndGlobalSection
EndGlobal
